
Microsoft Visual Studio Solution File, Format Version 12.00
# Visual Studio Version 17
VisualStudioVersion = 17.11.35312.102
MinimumVisualStudioVersion = 10.0.40219.1
Project("{FAE04EC0-301F-11D3-BF4B-00C04F79EFBC}") = "UP", "UP\UP.csproj", "{126104EA-9B55-4FE5-8698-E8A052ACABCA}"
EndProject
Global
	GlobalSection(SolutionConfigurationPlatforms) = preSolution
		Debug|Any CPU = Debug|Any CPU
		Release|Any CPU = Release|Any CPU
	EndGlobalSection
	GlobalSection(ProjectConfigurationPlatforms) = postSolution
		{126104EA-9B55-4FE5-8698-E8A052ACABCA}.Debug|Any CPU.ActiveCfg = Debug|Any CPU
		{126104EA-9B55-4FE5-8698-E8A052ACABCA}.Debug|Any CPU.Build.0 = Debug|Any CPU
		{126104EA-9B55-4FE5-8698-E8A052ACABCA}.Release|Any CPU.ActiveCfg = Release|Any CPU
		{126104EA-9B55-4FE5-8698-E8A052ACABCA}.Release|Any CPU.Build.0 = Release|Any CPU
	EndGlobalSection
	GlobalSection(SolutionProperties) = preSolution
		HideSolutionNode = FALSE
	EndGlobalSection
	GlobalSection(ExtensibilityGlobals) = postSolution
		SolutionGuid = {76A38822-C76D-4074-B0E7-0A2B0160B780}
	EndGlobalSection
EndGlobal
